
Microsoft Visual Studio Solution File, Format Version 12.00
# Visual Studio Version 16
VisualStudioVersion = 16.0.30907.101
MinimumVisualStudioVersion = 10.0.40219.1
Project("{FAE04EC0-301F-11D3-BF4B-00C04F79EFBC}") = "Simple_UI", "Simple_UI\Simple_UI.csproj", "{621EE504-B878-4B8D-97D5-B792902F7795}"
EndProject
Project("{FAE04EC0-301F-11D3-BF4B-00C04F79EFBC}") = "Simple.Core.Model", "Simple.Core.Model\Simple.Core.Model.csproj", "{33F220A5-6A19-4856-87C3-E9FE13B5984F}"
EndProject
Global
	GlobalSection(SolutionConfigurationPlatforms) = preSolution
		Debug|Any CPU = Debug|Any CPU
		Release|Any CPU = Release|Any CPU
	EndGlobalSection
	GlobalSection(ProjectConfigurationPlatforms) = postSolution
		{621EE504-B878-4B8D-97D5-B792902F7795}.Debug|Any CPU.ActiveCfg = Debug|Any CPU
		{621EE504-B878-4B8D-97D5-B792902F7795}.Debug|Any CPU.Build.0 = Debug|Any CPU
		{621EE504-B878-4B8D-97D5-B792902F7795}.Release|Any CPU.ActiveCfg = Release|Any CPU
		{621EE504-B878-4B8D-97D5-B792902F7795}.Release|Any CPU.Build.0 = Release|Any CPU
		{33F220A5-6A19-4856-87C3-E9FE13B5984F}.Debug|Any CPU.ActiveCfg = Debug|Any CPU
		{33F220A5-6A19-4856-87C3-E9FE13B5984F}.Debug|Any CPU.Build.0 = Debug|Any CPU
		{33F220A5-6A19-4856-87C3-E9FE13B5984F}.Release|Any CPU.ActiveCfg = Release|Any CPU
		{33F220A5-6A19-4856-87C3-E9FE13B5984F}.Release|Any CPU.Build.0 = Release|Any CPU
	EndGlobalSection
	GlobalSection(SolutionProperties) = preSolution
		HideSolutionNode = FALSE
	EndGlobalSection
	GlobalSection(ExtensibilityGlobals) = postSolution
		SolutionGuid = {4829F14A-E5D8-4E2F-AC83-78D422B04D8D}
	EndGlobalSection
EndGlobal
